
Microsoft Visual Studio Solution File, Format Version 12.00
# Visual Studio Version 17
VisualStudioVersion = 17.3.32825.248
MinimumVisualStudioVersion = 10.0.40219.1
Project("{FAE04EC0-301F-11D3-BF4B-00C04F79EFBC}") = "2.5", "2.5\2.5.csproj", "{158E0796-4BF2-4A92-A7D5-09AACD3A3C36}"
EndProject
Project("{FAE04EC0-301F-11D3-BF4B-00C04F79EFBC}") = "2.7", "2.7\2.7.csproj", "{45000A84-A45F-4E16-A03D-CD64E11AF97F}"
EndProject
Project("{FAE04EC0-301F-11D3-BF4B-00C04F79EFBC}") = "2.9", "2.9\2.9.csproj", "{53444C8C-57F2-470E-80E1-9CAD8C0A59E0}"
EndProject
Project("{FAE04EC0-301F-11D3-BF4B-00C04F79EFBC}") = "2.11", "2.11\2.11.csproj", "{E4970C2F-4C29-4A85-BEC9-1D35AC6B9D37}"
EndProject
Global
	GlobalSection(SolutionConfigurationPlatforms) = preSolution
		Debug|Any CPU = Debug|Any CPU
		Release|Any CPU = Release|Any CPU
	EndGlobalSection
	GlobalSection(ProjectConfigurationPlatforms) = postSolution
		{158E0796-4BF2-4A92-A7D5-09AACD3A3C36}.Debug|Any CPU.ActiveCfg = Debug|Any CPU
		{158E0796-4BF2-4A92-A7D5-09AACD3A3C36}.Debug|Any CPU.Build.0 = Debug|Any CPU
		{158E0796-4BF2-4A92-A7D5-09AACD3A3C36}.Release|Any CPU.ActiveCfg = Release|Any CPU
		{158E0796-4BF2-4A92-A7D5-09AACD3A3C36}.Release|Any CPU.Build.0 = Release|Any CPU
		{45000A84-A45F-4E16-A03D-CD64E11AF97F}.Debug|Any CPU.ActiveCfg = Debug|Any CPU
		{45000A84-A45F-4E16-A03D-CD64E11AF97F}.Debug|Any CPU.Build.0 = Debug|Any CPU
		{45000A84-A45F-4E16-A03D-CD64E11AF97F}.Release|Any CPU.ActiveCfg = Release|Any CPU
		{45000A84-A45F-4E16-A03D-CD64E11AF97F}.Release|Any CPU.Build.0 = Release|Any CPU
		{53444C8C-57F2-470E-80E1-9CAD8C0A59E0}.Debug|Any CPU.ActiveCfg = Debug|Any CPU
		{53444C8C-57F2-470E-80E1-9CAD8C0A59E0}.Debug|Any CPU.Build.0 = Debug|Any CPU
		{53444C8C-57F2-470E-80E1-9CAD8C0A59E0}.Release|Any CPU.ActiveCfg = Release|Any CPU
		{53444C8C-57F2-470E-80E1-9CAD8C0A59E0}.Release|Any CPU.Build.0 = Release|Any CPU
		{E4970C2F-4C29-4A85-BEC9-1D35AC6B9D37}.Debug|Any CPU.ActiveCfg = Debug|Any CPU
		{E4970C2F-4C29-4A85-BEC9-1D35AC6B9D37}.Debug|Any CPU.Build.0 = Debug|Any CPU
		{E4970C2F-4C29-4A85-BEC9-1D35AC6B9D37}.Release|Any CPU.ActiveCfg = Release|Any CPU
		{E4970C2F-4C29-4A85-BEC9-1D35AC6B9D37}.Release|Any CPU.Build.0 = Release|Any CPU
	EndGlobalSection
	GlobalSection(SolutionProperties) = preSolution
		HideSolutionNode = FALSE
	EndGlobalSection
	GlobalSection(ExtensibilityGlobals) = postSolution
		SolutionGuid = {2DEF7CD5-C7EF-4CC1-9B1F-08393A8BC21D}
	EndGlobalSection
EndGlobal
